
Microsoft Visual Studio Solution File, Format Version 12.00
# Visual Studio Version 16
VisualStudioVersion = 16.0.30011.22
MinimumVisualStudioVersion = 10.0.40219.1
Project("{8BC9CEB8-8B4A-11D0-8D11-00A0C91BC942}") = "IPv4", "IPv4.vcxproj", "{D7D4E413-49A4-4C91-A3D4-3FD237D059CA}"
EndProject
Global
	GlobalSection(SolutionConfigurationPlatforms) = preSolution
		Debug|x64 = Debug|x64
		Debug|x86 = Debug|x86
		Release|x64 = Release|x64
		Release|x86 = Release|x86
	EndGlobalSection
	GlobalSection(ProjectConfigurationPlatforms) = postSolution
		{D7D4E413-49A4-4C91-A3D4-3FD237D059CA}.Debug|x64.ActiveCfg = Debug|x64
		{D7D4E413-49A4-4C91-A3D4-3FD237D059CA}.Debug|x64.Build.0 = Debug|x64
		{D7D4E413-49A4-4C91-A3D4-3FD237D059CA}.Debug|x86.ActiveCfg = Debug|Win32
		{D7D4E413-49A4-4C91-A3D4-3FD237D059CA}.Debug|x86.Build.0 = Debug|Win32
		{D7D4E413-49A4-4C91-A3D4-3FD237D059CA}.Release|x64.ActiveCfg = Release|x64
		{D7D4E413-49A4-4C91-A3D4-3FD237D059CA}.Release|x64.Build.0 = Release|x64
		{D7D4E413-49A4-4C91-A3D4-3FD237D059CA}.Release|x86.ActiveCfg = Release|Win32
		{D7D4E413-49A4-4C91-A3D4-3FD237D059CA}.Release|x86.Build.0 = Release|Win32
	EndGlobalSection
	GlobalSection(SolutionProperties) = preSolution
		HideSolutionNode = FALSE
	EndGlobalSection
	GlobalSection(ExtensibilityGlobals) = postSolution
		SolutionGuid = {AC8DDFCD-A0C3-4D31-91DC-3CEF504FAF09}
	EndGlobalSection
EndGlobal
